# This file is automatically @generated by Cargo.
# It is not intended for manual editing.
[[package]]
name = "cc"
version = "1.0.67"
source = "registry+https://github.com/rust-lang/crates.io-index"
checksum = "e3c69b077ad434294d3ce9f1f6143a2a4b89a8a2d54ef813d85003a4fd1137fd"

[[package]]
name = "lazy_static"
version = "1.4.0"
source = "registry+https://github.com/rust-lang/crates.io-index"
checksum = "e2abad23fbc42b3700f2f279844dc832adb2b2eb069b2df918f455c4e18cc646"

[[package]]
name = "libc"
version = "0.2.91"
source = "registry+https://github.com/rust-lang/crates.io-index"
checksum = "8916b1f6ca17130ec6568feccee27c156ad12037880833a3b842a823236502e7"

[[package]]
name = "pkg-config"
version = "0.3.19"
source = "registry+https://github.com/rust-lang/crates.io-index"
checksum = "3831453b3449ceb48b6d9c7ad7c96d5ea673e9b470a1dc578c2ce6521230884c"

[[package]]
name = "rpmalloc"
version = "0.2.0"
source = "registry+https://github.com/rust-lang/crates.io-index"
checksum = "8dae55d27fc56f399aec2583434bf22c7100fe983b2115bbc1d961ec4f7df5db"
dependencies = [
 "rpmalloc-sys",
]

[[package]]
name = "rpmalloc-sys"
version = "0.2.1+1.4.1"
source = "registry+https://github.com/rust-lang/crates.io-index"
checksum = "2a3e9198b851305d2f4bf86353b98016d79b871158ea5f9d0756b84022aefb99"
dependencies = [
 "cc",
 "libc",
 "pkg-config",
]

[[package]]
name = "rust_black_jack"
version = "0.1.0"
dependencies = [
 "lazy_static",
 "rpmalloc",
]
